
Microsoft Visual Studio Solution File, Format Version 12.00
# Visual Studio Version 17
VisualStudioVersion = 17.2.32630.192
MinimumVisualStudioVersion = 10.0.40219.1
Project("{FAE04EC0-301F-11D3-BF4B-00C04F79EFBC}") = "NPI Registry", "NPI Registry\NPI Registry.csproj", "{19871CAC-311B-48C7-9F87-C19DC7841E6E}"
EndProject
Global
	GlobalSection(SolutionConfigurationPlatforms) = preSolution
		Debug|Any CPU = Debug|Any CPU
		Release|Any CPU = Release|Any CPU
	EndGlobalSection
	GlobalSection(ProjectConfigurationPlatforms) = postSolution
		{19871CAC-311B-48C7-9F87-C19DC7841E6E}.Debug|Any CPU.ActiveCfg = Debug|Any CPU
		{19871CAC-311B-48C7-9F87-C19DC7841E6E}.Debug|Any CPU.Build.0 = Debug|Any CPU
		{19871CAC-311B-48C7-9F87-C19DC7841E6E}.Release|Any CPU.ActiveCfg = Release|Any CPU
		{19871CAC-311B-48C7-9F87-C19DC7841E6E}.Release|Any CPU.Build.0 = Release|Any CPU
	EndGlobalSection
	GlobalSection(SolutionProperties) = preSolution
		HideSolutionNode = FALSE
	EndGlobalSection
	GlobalSection(ExtensibilityGlobals) = postSolution
		SolutionGuid = {3E92FD06-E256-47D1-BC48-B18080A8DE67}
	EndGlobalSection
EndGlobal
